Microsoft Visual Studio Solution File, Format Version 12.00
# Visual Studio 15
VisualStudioVersion = 15.0.27130.0
MinimumVisualStudioVersion = 15.0.26124.0
Project("{2150E333-8FDC-42A3-9474-1A3956D46DE8}") = "TreeWithIterator", "TreeWithIterator", "{529882DE-1DB5-4D41-B546-F0405B66CF99}"
EndProject
Project("{9A19103F-16F7-4668-BE54-9A1E7A4F7556}") = "TreeWithIterator", "TreeWithIterator\TreeWithIterator\TreeWithIterator.csproj", "{A7001D5C-CE88-4079-9AF5-A2A719D23AD3}"
EndProject
Global
	GlobalSection(SolutionConfigurationPlatforms) = preSolution
		Debug|Any CPU = Debug|Any CPU
		Debug|x64 = Debug|x64
		Debug|x86 = Debug|x86
		Release|Any CPU = Release|Any CPU
		Release|x64 = Release|x64
		Release|x86 = Release|x86
	EndGlobalSection
	GlobalSection(ProjectConfigurationPlatforms) = postSolution
		{A7001D5C-CE88-4079-9AF5-A2A719D23AD3}.Debug|Any CPU.ActiveCfg = Debug|Any CPU
		{A7001D5C-CE88-4079-9AF5-A2A719D23AD3}.Debug|Any CPU.Build.0 = Debug|Any CPU
		{A7001D5C-CE88-4079-9AF5-A2A719D23AD3}.Debug|x64.ActiveCfg = Debug|Any CPU
		{A7001D5C-CE88-4079-9AF5-A2A719D23AD3}.Debug|x64.Build.0 = Debug|Any CPU
		{A7001D5C-CE88-4079-9AF5-A2A719D23AD3}.Debug|x86.ActiveCfg = Debug|Any CPU
		{A7001D5C-CE88-4079-9AF5-A2A719D23AD3}.Debug|x86.Build.0 = Debug|Any CPU
		{A7001D5C-CE88-4079-9AF5-A2A719D23AD3}.Release|Any CPU.ActiveCfg = Release|Any CPU
		{A7001D5C-CE88-4079-9AF5-A2A719D23AD3}.Release|Any CPU.Build.0 = Release|Any CPU
		{A7001D5C-CE88-4079-9AF5-A2A719D23AD3}.Release|x64.ActiveCfg = Release|Any CPU
		{A7001D5C-CE88-4079-9AF5-A2A719D23AD3}.Release|x64.Build.0 = Release|Any CPU
		{A7001D5C-CE88-4079-9AF5-A2A719D23AD3}.Release|x86.ActiveCfg = Release|Any CPU
		{A7001D5C-CE88-4079-9AF5-A2A719D23AD3}.Release|x86.Build.0 = Release|Any CPU
	EndGlobalSection
	GlobalSection(SolutionProperties) = preSolution
		HideSolutionNode = FALSE
	EndGlobalSection
	GlobalSection(NestedProjects) = preSolution
		{A7001D5C-CE88-4079-9AF5-A2A719D23AD3} = {529882DE-1DB5-4D41-B546-F0405B66CF99}
	EndGlobalSection
	GlobalSection(ExtensibilityGlobals) = postSolution
		SolutionGuid = {5A501DAE-5572-4429-AB8B-75CAAB976E76}
	EndGlobalSection
EndGlobal
