
Microsoft Visual Studio Solution File, Format Version 12.00
# Visual Studio 2013
VisualStudioVersion = 12.0.0.0
MinimumVisualStudioVersion = 10.0.0.1
Project("{FAE04EC0-301F-11D3-BF4B-00C04F79EFBC}") = "TreeWithIterator", "TreeWithIterator/TreeWithIterator.csproj", "{3F93D41C-DE76-437C-9B69-15BB668D35FA}"
EndProject
Project("{FAE04EC0-301F-11D3-BF4B-00C04F79EFBC}") = "TreeWithIteratorTest", "TreeWithIteratorTest\TreeWithIteratorTest.csproj", "{A4F1622C-A24A-4E5A-BA1E-C5C66454F6A5}"
EndProject
Global
	GlobalSection(SolutionConfigurationPlatforms) = preSolution
		Debug|Any CPU = Debug|Any CPU
		Release|Any CPU = Release|Any CPU
	EndGlobalSection
	GlobalSection(ProjectConfigurationPlatforms) = postSolution
		{3F93D41C-DE76-437C-9B69-15BB668D35FA}.Debug|Any CPU.ActiveCfg = Debug|Any CPU
		{3F93D41C-DE76-437C-9B69-15BB668D35FA}.Debug|Any CPU.Build.0 = Debug|Any CPU
		{3F93D41C-DE76-437C-9B69-15BB668D35FA}.Release|Any CPU.ActiveCfg = Release|Any CPU
		{3F93D41C-DE76-437C-9B69-15BB668D35FA}.Release|Any CPU.Build.0 = Release|Any CPU
		{A4F1622C-A24A-4E5A-BA1E-C5C66454F6A5}.Debug|Any CPU.ActiveCfg = Debug|Any CPU
		{A4F1622C-A24A-4E5A-BA1E-C5C66454F6A5}.Debug|Any CPU.Build.0 = Debug|Any CPU
		{A4F1622C-A24A-4E5A-BA1E-C5C66454F6A5}.Release|Any CPU.ActiveCfg = Release|Any CPU
		{A4F1622C-A24A-4E5A-BA1E-C5C66454F6A5}.Release|Any CPU.Build.0 = Release|Any CPU
	EndGlobalSection
	GlobalSection(SolutionProperties) = preSolution
		HideSolutionNode = FALSE
	EndGlobalSection
EndGlobal
